// !$*UTF8*$!
{
	archiveVersion = 1;
	classes = {
	};
	objectVersion = 55;
	objects = {

/* Begin PBXBuildFile section */
		8B29577B2867816000A62E37 /* AppDelegate.swift in Sources */ = {isa = PBXBuildFile; fileRef = 8B29577A2867816000A62E37 /* AppDelegate.swift */; };
		8B29577D2867816000A62E37 /* SceneDelegate.swift in Sources */ = {isa = PBXBuildFile; fileRef = 8B29577C2867816000A62E37 /* SceneDelegate.swift */; };
		8B29577F2867816000A62E37 /* ViewController.swift in Sources */ = {isa = PBXBuildFile; fileRef = 8B29577E2867816000A62E37 /* ViewController.swift */; };
		8B2957822867816000A62E37 /* Main.storyboard in Resources */ = {isa = PBXBuildFile; fileRef = 8B2957802867816000A62E37 /* Main.storyboard */; };
		8B2957842867816200A62E37 /* Assets.xcassets in Resources */ = {isa = PBXBuildFile; fileRef = 8B2957832867816200A62E37 /* Assets.xcassets */; };
		8B2957872867816200A62E37 /* LaunchScreen.storyboard in Resources */ = {isa = PBXBuildFile; fileRef = 8B2957852867816200A62E37 /* LaunchScreen.storyboard */; };
		8B29578F2867833000A62E37 /* koin.swift in Sources */ = {isa = PBXBuildFile; fileRef = 8B29578E2867833000A62E37 /* koin.swift */; };
		D29D0A71AEB6799D61750A2F /* Pods_app_kmm.framework in Frameworks */ = {isa = PBXBuildFile; fileRef = 63927804552213BE59B26A91 /* Pods_app_kmm.framework */; };
/* End PBXBuildFile section */

/* Begin PBXFileReference section */
		63927804552213BE59B26A91 /* Pods_app_kmm.framework */ = {isa = PBXFileReference; explicitFileType = wrapper.framework; includeInIndex = 0; path = Pods_app_kmm.framework; sourceTree = BUILT_PRODUCTS_DIR; };
		7EEF0F0EEF6B1EEACA783D74 /* Pods-app_kmm.debug.xcconfig */ = {isa = PBXFileReference; includeInIndex = 1; lastKnownFileType = text.xcconfig; name = "Pods-app_kmm.debug.xcconfig"; path = "Target Support Files/Pods-app_kmm/Pods-app_kmm.debug.xcconfig"; sourceTree = "<group>"; };
		8B2957772867816000A62E37 /* app_kmm.app */ = {isa = PBXFileReference; explicitFileType = wrapper.application; includeInIndex = 0; path = app_kmm.app; sourceTree = BUILT_PRODUCTS_DIR; };
		8B29577A2867816000A62E37 /* AppDelegate.swift */ = {isa = PBXFileReference; lastKnownFileType = sourcecode.swift; path = AppDelegate.swift; sourceTree = "<group>"; };
		8B29577C2867816000A62E37 /* SceneDelegate.swift */ = {isa = PBXFileReference; lastKnownFileType = sourcecode.swift; path = SceneDelegate.swift; sourceTree = "<group>"; };
		8B29577E2867816000A62E37 /* ViewController.swift */ = {isa = PBXFileReference; lastKnownFileType = sourcecode.swift; path = ViewController.swift; sourceTree = "<group>"; };
		8B2957812867816000A62E37 /* Base */ = {isa = PBXFileReference; lastKnownFileType = file.storyboard; name = Base; path = Base.lproj/Main.storyboard; sourceTree = "<group>"; };
		8B2957832867816200A62E37 /* Assets.xcassets */ = {isa = PBXFileReference; lastKnownFileType = folder.assetcatalog; path = Assets.xcassets; sourceTree = "<group>"; };
		8B2957862867816200A62E37 /* Base */ = {isa = PBXFileReference; lastKnownFileType = file.storyboard; name = Base; path = Base.lproj/LaunchScreen.storyboard; sourceTree = "<group>"; };
		8B2957882867816200A62E37 /* Info.plist */ = {isa = PBXFileReference; lastKnownFileType = text.plist.xml; path = Info.plist; sourceTree = "<group>"; };
		8B29578E2867833000A62E37 /* koin.swift */ = {isa = PBXFileReference; lastKnownFileType = sourcecode.swift; path = koin.swift; sourceTree = "<group>"; };
		8FED011561311E9799C8E304 /* Pods-app_kmm.release.xcconfig */ = {isa = PBXFileReference; includeInIndex = 1; lastKnownFileType = text.xcconfig; name = "Pods-app_kmm.release.xcconfig"; path = "Target Support Files/Pods-app_kmm/Pods-app_kmm.release.xcconfig"; sourceTree = "<group>"; };
/* End PBXFileReference section */

/* Begin PBXFrameworksBuildPhase section */
		8B2957742867816000A62E37 /* Frameworks */ = {
			isa = PBXFrameworksBuildPhase;
			buildActionMask = 2147483647;
			files = (
				D29D0A71AEB6799D61750A2F /* Pods_app_kmm.framework in Frameworks */,
			);
			runOnlyForDeploymentPostprocessing = 0;
		};
/* End PBXFrameworksBuildPhase section */

/* Begin PBXGroup section */
		8B29576E2867816000A62E37 = {
			isa = PBXGroup;
			children = (
				8B2957792867816000A62E37 /* app_kmm */,
				8B2957782867816000A62E37 /* Products */,
				D6C12975E78B93372A17A529 /* Pods */,
				9D9EB8A609389433923DE480 /* Frameworks */,
			);
			sourceTree = "<group>";
		};
		8B2957782867816000A62E37 /* Products */ = {
			isa = PBXGroup;
			children = (
				8B2957772867816000A62E37 /* app_kmm.app */,
			);
			name = Products;
			sourceTree = "<group>";
		};
		8B2957792867816000A62E37 /* app_kmm */ = {
			isa = PBXGroup;
			children = (
				8B29577A2867816000A62E37 /* AppDelegate.swift */,
				8B29577C2867816000A62E37 /* SceneDelegate.swift */,
				8B29577E2867816000A62E37 /* ViewController.swift */,
				8B2957802867816000A62E37 /* Main.storyboard */,
				8B2957832867816200A62E37 /* Assets.xcassets */,
				8B2957852867816200A62E37 /* LaunchScreen.storyboard */,
				8B2957882867816200A62E37 /* Info.plist */,
				8B29578E2867833000A62E37 /* koin.swift */,
			);
			path = app_kmm;
			sourceTree = "<group>";
		};
		9D9EB8A609389433923DE480 /* Frameworks */ = {
			isa = PBXGroup;
			children = (
				63927804552213BE59B26A91 /* Pods_app_kmm.framework */,
			);
			name = Frameworks;
			sourceTree = "<group>";
		};
		D6C12975E78B93372A17A529 /* Pods */ = {
			isa = PBXGroup;
			children = (
				7EEF0F0EEF6B1EEACA783D74 /* Pods-app_kmm.debug.xcconfig */,
				8FED011561311E9799C8E304 /* Pods-app_kmm.release.xcconfig */,
			);
			path = Pods;
			sourceTree = "<group>";
		};
/* End PBXGroup section */

/* Begin PBXNativeTarget section */
		8B2957762867816000A62E37 /* app_kmm */ = {
			isa = PBXNativeTarget;
			buildConfigurationList = 8B29578B2867816200A62E37 /* Build configuration list for PBXNativeTarget "app_kmm" */;
			buildPhases = (
				9011516B78F4F24E56014665 /* [CP] Check Pods Manifest.lock */,
				8B2957732867816000A62E37 /* Sources */,
				8B2957742867816000A62E37 /* Frameworks */,
				8B2957752867816000A62E37 /* Resources */,
				E4FAE798977664DC85AF80E0 /* [CP] Embed Pods Frameworks */,
			);
			buildRules = (
			);
			dependencies = (
			);
			name = app_kmm;
			productName = app_kmm;
			productReference = 8B2957772867816000A62E37 /* app_kmm.app */;
			productType = "com.apple.product-type.application";
		};
/* End PBXNativeTarget section */

/* Begin PBXProject section */
		8B29576F2867816000A62E37 /* Project object */ = {
			isa = PBXProject;
			attributes = {
				BuildIndependentTargetsInParallel = 1;
				LastSwiftUpdateCheck = 1320;
				LastUpgradeCheck = 1320;
				TargetAttributes = {
					8B2957762867816000A62E37 = {
						CreatedOnToolsVersion = 13.2.1;
					};
				};
			};
			buildConfigurationList = 8B2957722867816000A62E37 /* Build configuration list for PBXProject "app_kmm" */;
			compatibilityVersion = "Xcode 13.0";
			developmentRegion = en;
			hasScannedForEncodings = 0;
			knownRegions = (
				en,
				Base,
			);
			mainGroup = 8B29576E2867816000A62E37;
			productRefGroup = 8B2957782867816000A62E37 /* Products */;
			projectDirPath = "";
			projectRoot = "";
			targets = (
				8B2957762867816000A62E37 /* app_kmm */,
			);
		};
/* End PBXProject section */

/* Begin PBXResourcesBuildPhase section */
		8B2957752867816000A62E37 /* Resources */ = {
			isa = PBXResourcesBuildPhase;
			buildActionMask = 2147483647;
			files = (
				8B2957872867816200A62E37 /* LaunchScreen.storyboard in Resources */,
				8B2957842867816200A62E37 /* Assets.xcassets in Resources */,
				8B2957822867816000A62E37 /* Main.storyboard in Resources */,
			);
			runOnlyForDeploymentPostprocessing = 0;
		};
/* End PBXResourcesBuildPhase section */

/* Begin PBXShellScriptBuildPhase section */
		9011516B78F4F24E56014665 /* [CP] Check Pods Manifest.lock */ = {
			isa = PBXShellScriptBuildPhase;
			buildActionMask = 2147483647;
			files = (
			);
			inputFileListPaths = (
			);
			inputPaths = (
				"${PODS_PODFILE_DIR_PATH}/Podfile.lock",
				"${PODS_ROOT}/Manifest.lock",
			);
			name = "[CP] Check Pods Manifest.lock";
			outputFileListPaths = (
			);
			outputPaths = (
				"$(DERIVED_FILE_DIR)/Pods-app_kmm-checkManifestLockResult.txt",
			);
			runOnlyForDeploymentPostprocessing = 0;
			shellPath = /bin/sh;
			shellScript = "diff \"${PODS_PODFILE_DIR_PATH}/Podfile.lock\" \"${PODS_ROOT}/Manifest.lock\" > /dev/null\nif [ $? != 0 ] ; then\n    # print error to STDERR\n    echo \"error: The sandbox is not in sync with the Podfile.lock. Run 'pod install' or update your CocoaPods installation.\" >&2\n    exit 1\nfi\n# This output is used by Xcode 'outputs' to avoid re-running this script phase.\necho \"SUCCESS\" > \"${SCRIPT_OUTPUT_FILE_0}\"\n";
			showEnvVarsInLog = 0;
		};
		E4FAE798977664DC85AF80E0 /* [CP] Embed Pods Frameworks */ = {
			isa = PBXShellScriptBuildPhase;
			buildActionMask = 2147483647;
			files = (
			);
			inputFileListPaths = (
				"${PODS_ROOT}/Target Support Files/Pods-app_kmm/Pods-app_kmm-frameworks-${CONFIGURATION}-input-files.xcfilelist",
			);
			name = "[CP] Embed Pods Frameworks";
			outputFileListPaths = (
				"${PODS_ROOT}/Target Support Files/Pods-app_kmm/Pods-app_kmm-frameworks-${CONFIGURATION}-output-files.xcfilelist",
			);
			runOnlyForDeploymentPostprocessing = 0;
			shellPath = /bin/sh;
			shellScript = "\"${PODS_ROOT}/Target Support Files/Pods-app_kmm/Pods-app_kmm-frameworks.sh\"\n";
			showEnvVarsInLog = 0;
		};
/* End PBXShellScriptBuildPhase section */

/* Begin PBXSourcesBuildPhase section */
		8B2957732867816000A62E37 /* Sources */ = {
			isa = PBXSourcesBuildPhase;
			buildActionMask = 2147483647;
			files = (
				8B29577F2867816000A62E37 /* ViewController.swift in Sources */,
				8B29577B2867816000A62E37 /* AppDelegate.swift in Sources */,
				8B29578F2867833000A62E37 /* koin.swift in Sources */,
				8B29577D2867816000A62E37 /* SceneDelegate.swift in Sources */,
			);
			runOnlyForDeploymentPostprocessing = 0;
		};
/* End PBXSourcesBuildPhase section */

/* Begin PBXVariantGroup section */
		8B2957802867816000A62E37 /* Main.storyboard */ = {
			isa = PBXVariantGroup;
			children = (
				8B2957812867816000A62E37 /* Base */,
			);
			name = Main.storyboard;
			sourceTree = "<group>";
		};
		8B2957852867816200A62E37 /* LaunchScreen.storyboard */ = {
			isa = PBXVariantGroup;
			children = (
				8B2957862867816200A62E37 /* Base */,
			);
			name = LaunchScreen.storyboard;
			sourceTree = "<group>";
		};
/* End PBXVariantGroup section */

/* Begin XCBuildConfiguration section */
		8B2957892867816200A62E37 /* Debug */ = {
			isa = XCBuildConfiguration;
			buildSettings = {
				ALWAYS_SEARCH_USER_PATHS = NO;
				CLANG_ANALYZER_NONNULL = YES;
				CLANG_ANALYZER_NUMBER_OBJECT_CONVERSION = YES_AGGRESSIVE;
				CLANG_CXX_LANGUAGE_STANDARD = "gnu++17";
				CLANG_CXX_LIBRARY = "libc++";
				CLANG_ENABLE_MODULES = YES;
				CLANG_ENABLE_OBJC_ARC = YES;
				CLANG_ENABLE_OBJC_WEAK = YES;
				CLANG_WARN_BLOCK_CAPTURE_AUTORELEASING = YES;
				CLANG_WARN_BOOL_CONVERSION = YES;
				CLANG_WARN_COMMA = YES;
				CLANG_WARN_CONSTANT_CONVERSION = YES;
				CLANG_WARN_DEPRECATED_OBJC_IMPLEMENTATIONS = YES;
				CLANG_WARN_DIRECT_OBJC_ISA_USAGE = YES_ERROR;
				CLANG_WARN_DOCUMENTATION_COMMENTS = YES;
				CLANG_WARN_EMPTY_BODY = YES;
				CLANG_WARN_ENUM_CONVERSION = YES;
				CLANG_WARN_INFINITE_RECURSION = YES;
				CLANG_WARN_INT_CONVERSION = YES;
				CLANG_WARN_NON_LITERAL_NULL_CONVERSION = YES;
				CLANG_WARN_OBJC_IMPLICIT_RETAIN_SELF = YES;
				CLANG_WARN_OBJC_LITERAL_CONVERSION = YES;
				CLANG_WARN_OBJC_ROOT_CLASS = YES_ERROR;
				CLANG_WARN_QUOTED_INCLUDE_IN_FRAMEWORK_HEADER = YES;
				CLANG_WARN_RANGE_LOOP_ANALYSIS = YES;
				CLANG_WARN_STRICT_PROTOTYPES = YES;
				CLANG_WARN_SUSPICIOUS_MOVE = YES;
				CLANG_WARN_UNGUARDED_AVAILABILITY = YES_AGGRESSIVE;
				CLANG_WARN_UNREACHABLE_CODE = YES;
				CLANG_WARN__DUPLICATE_METHOD_MATCH = YES;
				COPY_PHASE_STRIP = NO;
				DEBUG_INFORMATION_FORMAT = dwarf;
				ENABLE_STRICT_OBJC_MSGSEND = YES;
				ENABLE_TESTABILITY = YES;
				GCC_C_LANGUAGE_STANDARD = gnu11;
				GCC_DYNAMIC_NO_PIC = NO;
				GCC_NO_COMMON_BLOCKS = YES;
				GCC_OPTIMIZATION_LEVEL = 0;
				GCC_PREPROCESSOR_DEFINITIONS = (
					"DEBUG=1",
					"$(inherited)",
				);
				GCC_WARN_64_TO_32_BIT_CONVERSION = YES;
				GCC_WARN_ABOUT_RETURN_TYPE = YES_ERROR;
				GCC_WARN_UNDECLARED_SELECTOR = YES;
				GCC_WARN_UNINITIALIZED_AUTOS = YES_AGGRESSIVE;
				GCC_WARN_UNUSED_FUNCTION = YES;
				GCC_WARN_UNUSED_VARIABLE = YES;
				IPHONEOS_DEPLOYMENT_TARGET = 15.2;
				MTL_ENABLE_DEBUG_INFO = INCLUDE_SOURCE;
				MTL_FAST_MATH = YES;
				ONLY_ACTIVE_ARCH = YES;
				SDKROOT = iphoneos;
				SWIFT_ACTIVE_COMPILATION_CONDITIONS = DEBUG;
				SWIFT_OPTIMIZATION_LEVEL = "-Onone";
			};
			name = Debug;
		};
		8B29578A2867816200A62E37 /* Release */ = {
			isa = XCBuildConfiguration;
			buildSettings = {
				ALWAYS_SEARCH_USER_PATHS = NO;
				CLANG_ANALYZER_NONNULL = YES;
				CLANG_ANALYZER_NUMBER_OBJECT_CONVERSION = YES_AGGRESSIVE;
				CLANG_CXX_LANGUAGE_STANDARD = "gnu++17";
				CLANG_CXX_LIBRARY = "libc++";
				CLANG_ENABLE_MODULES = YES;
				CLANG_ENABLE_OBJC_ARC = YES;
				CLANG_ENABLE_OBJC_WEAK = YES;
				CLANG_WARN_BLOCK_CAPTURE_AUTORELEASING = YES;
				CLANG_WARN_BOOL_CONVERSION = YES;
				CLANG_WARN_COMMA = YES;
				CLANG_WARN_CONSTANT_CONVERSION = YES;
				CLANG_WARN_DEPRECATED_OBJC_IMPLEMENTATIONS = YES;
				CLANG_WARN_DIRECT_OBJC_ISA_USAGE = YES_ERROR;
				CLANG_WARN_DOCUMENTATION_COMMENTS = YES;
				CLANG_WARN_EMPTY_BODY = YES;
				CLANG_WARN_ENUM_CONVERSION = YES;
				CLANG_WARN_INFINITE_RECURSION = YES;
				CLANG_WARN_INT_CONVERSION = YES;
				CLANG_WARN_NON_LITERAL_NULL_CONVERSION = YES;
				CLANG_WARN_OBJC_IMPLICIT_RETAIN_SELF = YES;
				CLANG_WARN_OBJC_LITERAL_CONVERSION = YES;
				CLANG_WARN_OBJC_ROOT_CLASS = YES_ERROR;
				CLANG_WARN_QUOTED_INCLUDE_IN_FRAMEWORK_HEADER = YES;
				CLANG_WARN_RANGE_LOOP_ANALYSIS = YES;
				CLANG_WARN_STRICT_PROTOTYPES = YES;
				CLANG_WARN_SUSPICIOUS_MOVE = YES;
				CLANG_WARN_UNGUARDED_AVAILABILITY = YES_AGGRESSIVE;
				CLANG_WARN_UNREACHABLE_CODE = YES;
				CLANG_WARN__DUPLICATE_METHOD_MATCH = YES;
				COPY_PHASE_STRIP = NO;
				DEBUG_INFORMATION_FORMAT = "dwarf-with-dsym";
				ENABLE_NS_ASSERTIONS = NO;
				ENABLE_STRICT_OBJC_MSGSEND = YES;
				GCC_C_LANGUAGE_STANDARD = gnu11;
				GCC_NO_COMMON_BLOCKS = YES;
				GCC_WARN_64_TO_32_BIT_CONVERSION = YES;
				GCC_WARN_ABOUT_RETURN_TYPE = YES_ERROR;
				GCC_WARN_UNDECLARED_SELECTOR = YES;
				GCC_WARN_UNINITIALIZED_AUTOS = YES_AGGRESSIVE;
				GCC_WARN_UNUSED_FUNCTION = YES;
				GCC_WARN_UNUSED_VARIABLE = YES;
				IPHONEOS_DEPLOYMENT_TARGET = 15.2;
				MTL_ENABLE_DEBUG_INFO = NO;
				MTL_FAST_MATH = YES;
				SDKROOT = iphoneos;
				SWIFT_COMPILATION_MODE = wholemodule;
				SWIFT_OPTIMIZATION_LEVEL = "-O";
				VALIDATE_PRODUCT = YES;
			};
			name = Release;
		};
		8B29578C2867816200A62E37 /* Debug */ = {
			isa = XCBuildConfiguration;
			baseConfigurationReference = 7EEF0F0EEF6B1EEACA783D74 /* Pods-app_kmm.debug.xcconfig */;
			buildSettings = {
				ASSETCATALOG_COMPILER_APPICON_NAME = AppIcon;
				ASSETCATALOG_COMPILER_GLOBAL_ACCENT_COLOR_NAME = AccentColor;
				CODE_SIGN_STYLE = Automatic;
				CURRENT_PROJECT_VERSION = 1;
				DEVELOPMENT_TEAM = 2GFA9K2H8F;
				GENERATE_INFOPLIST_FILE = YES;
				INFOPLIST_FILE = app_kmm/Info.plist;
				INFOPLIST_KEY_UIApplicationSupportsIndirectInputEvents = YES;
				INFOPLIST_KEY_UILaunchStoryboardName = LaunchScreen;
				INFOPLIST_KEY_UIMainStoryboardFile = Main;
				INFOPLIST_KEY_UISupportedInterfaceOrientations_iPad = "UIInterfaceOrientationPortrait UIInterfaceOrientationPortraitUpsideDown UIInterfaceOrientationLandscapeLeft UIInterfaceOrientationLandscapeRight";
				INFOPLIST_KEY_UISupportedInterfaceOrientations_iPhone = "UIInterfaceOrientationPortrait UIInterfaceOrientationLandscapeLeft UIInterfaceOrientationLandscapeRight";
				LD_RUNPATH_SEARCH_PATHS = (
					"$(inherited)",
					"@executable_path/Frameworks",
				);
				MARKETING_VERSION = 1.0;
				PRODUCT_BUNDLE_IDENTIFIER = "com.kmm.app.app-kmm";
				PRODUCT_NAME = "$(TARGET_NAME)";
				SWIFT_EMIT_LOC_STRINGS = YES;
				SWIFT_VERSION = 5.0;
				TARGETED_DEVICE_FAMILY = "1,2";
			};
			name = Debug;
		};
		8B29578D2867816200A62E37 /* Release */ = {
			isa = XCBuildConfiguration;
			baseConfigurationReference = 8FED011561311E9799C8E304 /* Pods-app_kmm.release.xcconfig */;
			buildSettings = {
				ASSETCATALOG_COMPILER_APPICON_NAME = AppIcon;
				ASSETCATALOG_COMPILER_GLOBAL_ACCENT_COLOR_NAME = AccentColor;
				CODE_SIGN_STYLE = Automatic;
				CURRENT_PROJECT_VERSION = 1;
				DEVELOPMENT_TEAM = 2GFA9K2H8F;
				GENERATE_INFOPLIST_FILE = YES;
				INFOPLIST_FILE = app_kmm/Info.plist;
				INFOPLIST_KEY_UIApplicationSupportsIndirectInputEvents = YES;
				INFOPLIST_KEY_UILaunchStoryboardName = LaunchScreen;
				INFOPLIST_KEY_UIMainStoryboardFile = Main;
				INFOPLIST_KEY_UISupportedInterfaceOrientations_iPad = "UIInterfaceOrientationPortrait UIInterfaceOrientationPortraitUpsideDown UIInterfaceOrientationLandscapeLeft UIInterfaceOrientationLandscapeRight";
				INFOPLIST_KEY_UISupportedInterfaceOrientations_iPhone = "UIInterfaceOrientationPortrait UIInterfaceOrientationLandscapeLeft UIInterfaceOrientationLandscapeRight";
				LD_RUNPATH_SEARCH_PATHS = (
					"$(inherited)",
					"@executable_path/Frameworks",
				);
				MARKETING_VERSION = 1.0;
				PRODUCT_BUNDLE_IDENTIFIER = "com.kmm.app.app-kmm";
				PRODUCT_NAME = "$(TARGET_NAME)";
				SWIFT_EMIT_LOC_STRINGS = YES;
				SWIFT_VERSION = 5.0;
				TARGETED_DEVICE_FAMILY = "1,2";
			};
			name = Release;
		};
/* End XCBuildConfiguration section */

/* Begin XCConfigurationList section */
		8B2957722867816000A62E37 /* Build configuration list for PBXProject "app_kmm" */ = {
			isa = XCConfigurationList;
			buildConfigurations = (
				8B2957892867816200A62E37 /* Debug */,
				8B29578A2867816200A62E37 /* Release */,
			);
			defaultConfigurationIsVisible = 0;
			defaultConfigurationName = Release;
		};
		8B29578B2867816200A62E37 /* Build configuration list for PBXNativeTarget "app_kmm" */ = {
			isa = XCConfigurationList;
			buildConfigurations = (
				8B29578C2867816200A62E37 /* Debug */,
				8B29578D2867816200A62E37 /* Release */,
			);
			defaultConfigurationIsVisible = 0;
			defaultConfigurationName = Release;
		};
/* End XCConfigurationList section */
	};
	rootObject = 8B29576F2867816000A62E37 /* Project object */;
}
